github.com/bits-and-blooms/bitset v1.2.0 h1:Kn4yilvwNtMACtf1eYDlG8H77R07mZSPbMjLyS07ChA=
github.com/bits-and-blooms/bitset v1.2.0/go.mod h1:gIdJ4wp64HaoK2YrL1Q5/N7Y16edYb8uY+O0FJTyyDA=
github.com/bits-and-blooms/bloom/v3 v3.0.1 h1:Inlf0YXbgehxVjMPmCGv86iMCKMGPPrPSHtBF5yRHwA=
github.com/bits-and-blooms/bloom/v3 v3.0.1/go.mod h1:MC8muvBzzPOFsrcdND/A7kU7kMhkqb9KI70JlZCP+C8=
github.com/cespare/xxhash/v2 v2.1.1 h1:6MnRN8NT7+YBpUIWxHtefFZOKTAPgGjpQSxqLNn0+qY=
github.com/cespare/xxhash/v2 v2.1.1/go.mod h1:VGX0DQ3Q6kWi7AoAeZDth3/j3BFtOZR5XLFGgcrjCOs=
github.com/d4l3k/messagediff v1.2.1 h1:ZcAIMYsUg0EAp9X+tt8/enBE/Q8Yd5kzPynLyKptt9U=
github.com/d4l3k/messagediff v1.2.1/go.mod h1:Oozbb1TVXFac9FtSIxHBMnBCq2qeH/2KkEQxENCrlLo=
github.com/davecgh/go-spew v1.1.0 h1:ZDRjVQ15GmhC3fiQ8ni8+OwkZQO4DARzQgrnXU1Liz8=
github.com/davecgh/go-spew v1.1.0/go.mod h1:J7Y8YcW2NihsgmVo/mv3lAwl/skON4iLHjSsI+c5H38=
github.com/ipfs/bbloom v0.0.4 h1:Gi+8EGJ2y5qiD5FbsbpX/TMNcJw8gSqr7eyjHa4Fhvs=
github.com/ipfs/bbloom v0.0.4/go.mod h1:cS9YprKXpoZ9lT0n/Mw/a6/aFV6DTjTLYHeA+gyqMG0=
github.com/pmezard/go-difflib v1.0.0 h1:4DBwDE0NGyQoBHbLQYPwSUPoCMWR5BEzIk/f1lZbAQM=
github.com/pmezard/go-difflib v1.0.0/go.mod h1:iKH77koFhYxTK1pcRnkKkqfTogsbg7gZNVY4sRDYZ/4=
github.com/spaolacci/murmur3 v1.1.0 h1:7c1g84S4BPRrfL5Xrdp6fOJ206sU9y293DDHaoy0bLI=
github.com/spaolacci/murmur3 v1.1.0/go.mod h1:JwIasOWyU6f++ZhiEuf87xNszmSA2myDM2Kzu9HwQUA=
github.com/stretchr/objx v0.1.0/go.mod h1:HFkY916IF+rwdDfMAkV7OtwuqBVzrE8GR6GFx+wExME=
github.com/stretchr/testify v1.6.1 h1:hDPOHmpOpP40lSULcqw7IrRb/u7w6RpDC9399XyoNd0=
github.com/stretchr/testify v1.6.1/go.mod h1:6Fq8oRcR53rry900zMqJjRRixrwX3KX962/h/Wwjteg=
github.com/tylertreat/BoomFilters v0.0.0-20210315201527-1a82519a3e43 h1:QEePdg0ty2r0t1+qwfZmQ4OOl/MB2UXIeJSpIZv56lg=
github.com/tylertreat/BoomFilters v0.0.0-20210315201527-1a82519a3e43/go.mod h1:OYRfF6eb5wY9VRFkXJH8FFBi3plw2v+giaIu7P054pM=
github.com/zeebo/xxh3 v0.10.0 h1:1+2Mov9zfxTNUeoDG9k9i13VfxTR0p1JQu8L0vikxB0=
github.com/zeebo/xxh3 v0.10.0/go.mod h1:AQY73TOrhF3jNsdiM9zZOb8MThrYbZONHj7ryDBaLpg=
github.com/zeebo/xxh3 v0.12.0 h1:AGJ7bBsKfpYmaoTEx714qGOTjUxRo3nj5NYqUUQBrTA=
github.com/zeebo/xxh3 v0.12.0/go.mod h1:AQY73TOrhF3jNsdiM9zZOb8MThrYbZONHj7ryDBaLpg=
golang.org/x/sys v0.0.0-20200727154430-2d971f7391a4/go.mod h1:h1NjWce9XRLGQEsW7wpKNCjG9DtNlClVuFLEZdDNbEs=
golang.org/x/sys v0.0.0-20210324051608-47abb6519492 h1:Paq34FxTluEPvVyayQqMPgHm+vTOrIifmcYxFBx9TLg=
golang.org/x/sys v0.0.0-20210324051608-47abb6519492/go.mod h1:h1NjWce9XRLGQEsW7wpKNCjG9DtNlClVuFLEZdDNbEs=
golang.org/x/sys v0.0.0-20210809222454-d867a43fc93e h1:WUoyKPm6nCo1BnNUvPGnFG3T5DUVem42yDJZZ4CNxMA=
golang.org/x/sys v0.0.0-20210809222454-d867a43fc93e/go.mod h1:oPkhp1MJrh7nUepCBck5+mAzfO9JrbApNNgaTdGDITg=
gopkg.in/check.v1 v0.0.0-20161208181325-20d25e280405 h1:yhCVgyC4o1eVCa2tZl7eS0r+SDo693bJlVdllGtEeKM=
gopkg.in/check.v1 v0.0.0-20161208181325-20d25e280405/go.mod h1:Co6ibVJAznAaIkqp8huTwlJQCZ016jof/cbN4VW5Yz0=
gopkg.in/yaml.v3 v3.0.0-20200313102051-9f266ea9e77c h1:dUUwHk2QECo/6vqA44rthZ8ie2QXMNeKRTHCNY2nXvo=
gopkg.in/yaml.v3 v3.0.0-20200313102051-9f266ea9e77c/go.mod h1:K4uyk7z7BCEPqu6E+C64Yfv1cQ7kz7rIZviUmN+EgEM=
